PODS:
  - CocoaLumberjack (2.4.0):
    - CocoaLumberjack/Default (= 2.4.0)
    - CocoaLumberjack/Extensions (= 2.4.0)
  - CocoaLumberjack/Core (2.4.0)
  - CocoaLumberjack/Default (2.4.0):
    - CocoaLumberjack/Core
  - CocoaLumberjack/Extensions (2.4.0):
    - CocoaLumberjack/Default
  - Expecta (1.0.5)
  - GRNetworkKit (0.5.4):
    - CocoaLumberjack (~> 2.4)
    - PromiseKit (~> 4.0)
  - PromiseKit (4.0.4):
    - PromiseKit/Foundation (= 4.0.4)
    - PromiseKit/QuartzCore (= 4.0.4)
    - PromiseKit/UIKit (= 4.0.4)
  - PromiseKit/CorePromise (4.0.4)
  - PromiseKit/Foundation (4.0.4):
    - PromiseKit/CorePromise
  - PromiseKit/QuartzCore (4.0.4):
    - PromiseKit/CorePromise
  - PromiseKit/UIKit (4.0.4):
    - PromiseKit/CorePromise
  - Specta (1.0.5)

DEPENDENCIES:
  - Expecta
  - GRNetworkKit (from `../`)
  - Specta

EXTERNAL SOURCES:
  GRNetworkKit:
    :path: ../

SPEC CHECKSUMS:
  CocoaLumberjack: aa9dcab71bdf9eaf2a63bbd9ddc87863efe45457
  Expecta: e1c022fcd33910b6be89c291d2775b3fe27a89fe
  GRNetworkKit: 11a1017ad37685e32ad2f62a307a1c50392411c4
  PromiseKit: 8e8ee39d33ff199d92a1a883b5396f6285be6c91
  Specta: ac94d110b865115fe60ff2c6d7281053c6f8e8a2

PODFILE CHECKSUM: 3a9ea2144ecfdc66e44b722aaacfb28db8260da5

COCOAPODS: 1.1.1
